
Microsoft Visual Studio Solution File, Format Version 12.00
# Visual Studio Version 17
VisualStudioVersion = 17.5.33502.453
MinimumVisualStudioVersion = 10.0.40219.1
Project("{FAE04EC0-301F-11D3-BF4B-00C04F79EFBC}") = "HR_ManagementSystem", "HR_ManagementSystem\HR_ManagementSystem.csproj", "{2F4798B7-C17E-418B-A0EF-76B7A8D1D2A7}"
EndProject
Global
	GlobalSection(SolutionConfigurationPlatforms) = preSolution
		Debug|Any CPU = Debug|Any CPU
		Release|Any CPU = Release|Any CPU
	EndGlobalSection
	GlobalSection(ProjectConfigurationPlatforms) = postSolution
		{2F4798B7-C17E-418B-A0EF-76B7A8D1D2A7}.Debug|Any CPU.ActiveCfg = Debug|Any CPU
		{2F4798B7-C17E-418B-A0EF-76B7A8D1D2A7}.Debug|Any CPU.Build.0 = Debug|Any CPU
		{2F4798B7-C17E-418B-A0EF-76B7A8D1D2A7}.Release|Any CPU.ActiveCfg = Release|Any CPU
		{2F4798B7-C17E-418B-A0EF-76B7A8D1D2A7}.Release|Any CPU.Build.0 = Release|Any CPU
	EndGlobalSection
	GlobalSection(SolutionProperties) = preSolution
		HideSolutionNode = FALSE
	EndGlobalSection
	GlobalSection(ExtensibilityGlobals) = postSolution
		SolutionGuid = {B5783A16-C59B-49DE-B469-36653774FA77}
	EndGlobalSection
EndGlobal
